
Microsoft Visual Studio Solution File, Format Version 12.00
# Visual Studio Version 17
VisualStudioVersion = 17.0.31903.59
MinimumVisualStudioVersion = 10.0.40219.1

Project("{9A19103F-16F7-4668-BE54-9A1E7A4F7556}") = "OdooAutoCAD.Core", "src\OdooAutoCAD.Core\OdooAutoCAD.Core.csproj", "{A1B2C3D4-E5F6-7890-ABCD-EF1234567890}"
EndProject
Project("{9A19103F-16F7-4668-BE54-9A1E7A4F7556}") = "OdooAutoCAD.Threading", "src\OdooAutoCAD.Threading\OdooAutoCAD.Threading.csproj", "{B2C3D4E5-F6A7-8901-BCDE-F12345678901}"
EndProject
Project("{9A19103F-16F7-4668-BE54-9A1E7A4F7556}") = "OdooAutoCAD.MCP", "src\OdooAutoCAD.MCP\OdooAutoCAD.MCP.csproj", "{C3D4E5F6-A7B8-9012-CDEF-123456789012}"
EndProject
Project("{9A19103F-16F7-4668-BE54-9A1E7A4F7556}") = "OdooAutoCAD.Data", "src\OdooAutoCAD.Data\OdooAutoCAD.Data.csproj", "{D4E5F6A7-B8C9-0123-DEF1-234567890123}"
EndProject
Project("{9A19103F-16F7-4668-BE54-9A1E7A4F7556}") = "OdooAutoCAD.Configuration", "src\OdooAutoCAD.Configuration\OdooAutoCAD.Configuration.csproj", "{E5F6A7B8-C9D0-1234-EF12-345678901234}"
EndProject
Project("{9A19103F-16F7-4668-BE54-9A1E7A4F7556}") = "OdooAutoCAD.App", "src\OdooAutoCAD.App\OdooAutoCAD.App.csproj", "{F6A7B8C9-D0E1-2345-F123-456789012345}"
EndProject
Project("{9A19103F-16F7-4668-BE54-9A1E7A4F7556}") = "OdooAutoCAD.Core.Tests", "tests\OdooAutoCAD.Core.Tests\OdooAutoCAD.Core.Tests.csproj", "{17A8B9C0-D1E2-3456-0123-567890123456}"
EndProject
Project("{9A19103F-16F7-4668-BE54-9A1E7A4F7556}") = "OdooAutoCAD.Threading.Tests", "tests\OdooAutoCAD.Threading.Tests\OdooAutoCAD.Threading.Tests.csproj", "{28B9C0D1-E2F3-4567-1234-678901234567}"
EndProject
Project("{9A19103F-16F7-4668-BE54-9A1E7A4F7556}") = "OdooAutoCAD.MCP.Tests", "tests\OdooAutoCAD.MCP.Tests\OdooAutoCAD.MCP.Tests.csproj", "{39C0D1E2-F3A4-5678-2345-789012345678}"
EndProject
Project("{9A19103F-16F7-4668-BE54-9A1E7A4F7556}") = "OdooAutoCAD.Integration.Tests", "tests\OdooAutoCAD.Integration.Tests\OdooAutoCAD.Integration.Tests.csproj", "{4AD1E2F3-A4B5-6789-3456-890123456789}"
EndProject
Project("{2150E333-8FDC-42A3-9474-1A3956D46DE8}") = "src", "src", "{50000000-0000-0000-0000-000000000001}"
EndProject
Project("{2150E333-8FDC-42A3-9474-1A3956D46DE8}") = "tests", "tests", "{50000000-0000-0000-0000-000000000002}"
EndProject
Global
	GlobalSection(SolutionConfigurationPlatforms) = preSolution
		Debug|Any CPU = Debug|Any CPU
		Release|Any CPU = Release|Any CPU
	EndGlobalSection
	GlobalSection(ProjectConfigurationPlatforms) = postSolution
		{A1B2C3D4-E5F6-7890-ABCD-EF1234567890}.Debug|Any CPU.ActiveCfg = Debug|Any CPU
		{A1B2C3D4-E5F6-7890-ABCD-EF1234567890}.Debug|Any CPU.Build.0 = Debug|Any CPU
		{A1B2C3D4-E5F6-7890-ABCD-EF1234567890}.Release|Any CPU.ActiveCfg = Release|Any CPU
		{A1B2C3D4-E5F6-7890-ABCD-EF1234567890}.Release|Any CPU.Build.0 = Release|Any CPU
		{B2C3D4E5-F6A7-8901-BCDE-F12345678901}.Debug|Any CPU.ActiveCfg = Debug|Any CPU
		{B2C3D4E5-F6A7-8901-BCDE-F12345678901}.Debug|Any CPU.Build.0 = Debug|Any CPU
		{B2C3D4E5-F6A7-8901-BCDE-F12345678901}.Release|Any CPU.ActiveCfg = Release|Any CPU
		{B2C3D4E5-F6A7-8901-BCDE-F12345678901}.Release|Any CPU.Build.0 = Release|Any CPU
		{C3D4E5F6-A7B8-9012-CDEF-123456789012}.Debug|Any CPU.ActiveCfg = Debug|Any CPU
		{C3D4E5F6-A7B8-9012-CDEF-123456789012}.Debug|Any CPU.Build.0 = Debug|Any CPU
		{C3D4E5F6-A7B8-9012-CDEF-123456789012}.Release|Any CPU.ActiveCfg = Release|Any CPU
		{C3D4E5F6-A7B8-9012-CDEF-123456789012}.Release|Any CPU.Build.0 = Release|Any CPU
		{D4E5F6A7-B8C9-0123-DEF1-234567890123}.Debug|Any CPU.ActiveCfg = Debug|Any CPU
		{D4E5F6A7-B8C9-0123-DEF1-234567890123}.Debug|Any CPU.Build.0 = Debug|Any CPU
		{D4E5F6A7-B8C9-0123-DEF1-234567890123}.Release|Any CPU.ActiveCfg = Release|Any CPU
		{D4E5F6A7-B8C9-0123-DEF1-234567890123}.Release|Any CPU.Build.0 = Release|Any CPU
		{E5F6A7B8-C9D0-1234-EF12-345678901234}.Debug|Any CPU.ActiveCfg = Debug|Any CPU
		{E5F6A7B8-C9D0-1234-EF12-345678901234}.Debug|Any CPU.Build.0 = Debug|Any CPU
		{E5F6A7B8-C9D0-1234-EF12-345678901234}.Release|Any CPU.ActiveCfg = Release|Any CPU
		{E5F6A7B8-C9D0-1234-EF12-345678901234}.Release|Any CPU.Build.0 = Release|Any CPU
		{F6A7B8C9-D0E1-2345-F123-456789012345}.Debug|Any CPU.ActiveCfg = Debug|Any CPU
		{F6A7B8C9-D0E1-2345-F123-456789012345}.Debug|Any CPU.Build.0 = Debug|Any CPU
		{F6A7B8C9-D0E1-2345-F123-456789012345}.Release|Any CPU.ActiveCfg = Release|Any CPU
		{F6A7B8C9-D0E1-2345-F123-456789012345}.Release|Any CPU.Build.0 = Release|Any CPU
		{17A8B9C0-D1E2-3456-0123-567890123456}.Debug|Any CPU.ActiveCfg = Debug|Any CPU
		{17A8B9C0-D1E2-3456-0123-567890123456}.Debug|Any CPU.Build.0 = Debug|Any CPU
		{17A8B9C0-D1E2-3456-0123-567890123456}.Release|Any CPU.ActiveCfg = Release|Any CPU
		{17A8B9C0-D1E2-3456-0123-567890123456}.Release|Any CPU.Build.0 = Release|Any CPU
		{28B9C0D1-E2F3-4567-1234-678901234567}.Debug|Any CPU.ActiveCfg = Debug|Any CPU
		{28B9C0D1-E2F3-4567-1234-678901234567}.Debug|Any CPU.Build.0 = Debug|Any CPU
		{28B9C0D1-E2F3-4567-1234-678901234567}.Release|Any CPU.ActiveCfg = Release|Any CPU
		{28B9C0D1-E2F3-4567-1234-678901234567}.Release|Any CPU.Build.0 = Release|Any CPU
		{39C0D1E2-F3A4-5678-2345-789012345678}.Debug|Any CPU.ActiveCfg = Debug|Any CPU
		{39C0D1E2-F3A4-5678-2345-789012345678}.Debug|Any CPU.Build.0 = Debug|Any CPU
		{39C0D1E2-F3A4-5678-2345-789012345678}.Release|Any CPU.ActiveCfg = Release|Any CPU
		{39C0D1E2-F3A4-5678-2345-789012345678}.Release|Any CPU.Build.0 = Release|Any CPU
		{4AD1E2F3-A4B5-6789-3456-890123456789}.Debug|Any CPU.ActiveCfg = Debug|Any CPU
		{4AD1E2F3-A4B5-6789-3456-890123456789}.Debug|Any CPU.Build.0 = Debug|Any CPU
		{4AD1E2F3-A4B5-6789-3456-890123456789}.Release|Any CPU.ActiveCfg = Release|Any CPU
		{4AD1E2F3-A4B5-6789-3456-890123456789}.Release|Any CPU.Build.0 = Release|Any CPU
	EndGlobalSection
	GlobalSection(SolutionProperties) = preSolution
		HideSolutionNode = FALSE
	EndGlobalSection
	GlobalSection(NestedProjects) = preSolution
		{A1B2C3D4-E5F6-7890-ABCD-EF1234567890} = {50000000-0000-0000-0000-000000000001}
		{B2C3D4E5-F6A7-8901-BCDE-F12345678901} = {50000000-0000-0000-0000-000000000001}
		{C3D4E5F6-A7B8-9012-CDEF-123456789012} = {50000000-0000-0000-0000-000000000001}
		{D4E5F6A7-B8C9-0123-DEF1-234567890123} = {50000000-0000-0000-0000-000000000001}
		{E5F6A7B8-C9D0-1234-EF12-345678901234} = {50000000-0000-0000-0000-000000000001}
		{F6A7B8C9-D0E1-2345-F123-456789012345} = {50000000-0000-0000-0000-000000000001}
		{17A8B9C0-D1E2-3456-0123-567890123456} = {50000000-0000-0000-0000-000000000002}
		{28B9C0D1-E2F3-4567-1234-678901234567} = {50000000-0000-0000-0000-000000000002}
		{39C0D1E2-F3A4-5678-2345-789012345678} = {50000000-0000-0000-0000-000000000002}
		{4AD1E2F3-A4B5-6789-3456-890123456789} = {50000000-0000-0000-0000-000000000002}
	EndGlobalSection
	GlobalSection(ExtensibilityGlobals) = postSolution
		SolutionGuid = {12345678-ABCD-EF01-2345-6789ABCDEF01}
	EndGlobalSection
EndGlobal
